
Microsoft Visual Studio Solution File, Format Version 12.00
# Visual Studio Version 16
VisualStudioVersion = 16.0.31729.503
MinimumVisualStudioVersion = 10.0.40219.1
Project("{FAE04EC0-301F-11D3-BF4B-00C04F79EFBC}") = "LanPlayer", "LanPlayer\LanPlayer.csproj", "{AE038B2B-BFEC-47E9-942E-636513F98383}"
EndProject
Global
	GlobalSection(SolutionConfigurationPlatforms) = preSolution
		Debug|Any CPU = Debug|Any CPU
		Release|Any CPU = Release|Any CPU
	EndGlobalSection
	GlobalSection(ProjectConfigurationPlatforms) = postSolution
		{AE038B2B-BFEC-47E9-942E-636513F98383}.Debug|Any CPU.ActiveCfg = Debug|Any CPU
		{AE038B2B-BFEC-47E9-942E-636513F98383}.Debug|Any CPU.Build.0 = Debug|Any CPU
		{AE038B2B-BFEC-47E9-942E-636513F98383}.Release|Any CPU.ActiveCfg = Release|Any CPU
		{AE038B2B-BFEC-47E9-942E-636513F98383}.Release|Any CPU.Build.0 = Release|Any CPU
	EndGlobalSection
	GlobalSection(SolutionProperties) = preSolution
		HideSolutionNode = FALSE
	EndGlobalSection
	GlobalSection(ExtensibilityGlobals) = postSolution
		SolutionGuid = {70285D10-86EF-4E39-B8A1-19E0F6B193A1}
	EndGlobalSection
EndGlobal
